
Microsoft Visual Studio Solution File, Format Version 12.00
# Visual Studio 14
VisualStudioVersion = 14.0.25420.1
MinimumVisualStudioVersion = 10.0.40219.1
Project("{8BB2217D-0F2D-49D1-97BC-3654ED321F3B}") = "MerkleTools", "MerkleTools\MerkleTools.xproj", "{A7E7FCE1-D019-46AD-A464-E91A02E93137}"
EndProject
Project("{2150E333-8FDC-42A3-9474-1A3956D46DE8}") = "Solution Items", "Solution Items", "{EAB56105-25E6-4B23-BE7D-E6E6771D7A10}"
	ProjectSection(SolutionItems) = preProject
		TextFile1.txt = TextFile1.txt
	EndProjectSection
EndProject
Project("{8BB2217D-0F2D-49D1-97BC-3654ED321F3B}") = "MerkleTools.Tests", "MerkleTools.Tests\MerkleTools.Tests.xproj", "{1568EEA9-6334-4723-B2B1-42F89A198947}"
EndProject
Global
	GlobalSection(SolutionConfigurationPlatforms) = preSolution
		Debug|Any CPU = Debug|Any CPU
		Release|Any CPU = Release|Any CPU
	EndGlobalSection
	GlobalSection(ProjectConfigurationPlatforms) = postSolution
		{A7E7FCE1-D019-46AD-A464-E91A02E93137}.Debug|Any CPU.ActiveCfg = Debug|Any CPU
		{A7E7FCE1-D019-46AD-A464-E91A02E93137}.Debug|Any CPU.Build.0 = Debug|Any CPU
		{A7E7FCE1-D019-46AD-A464-E91A02E93137}.Release|Any CPU.ActiveCfg = Release|Any CPU
		{A7E7FCE1-D019-46AD-A464-E91A02E93137}.Release|Any CPU.Build.0 = Release|Any CPU
		{1568EEA9-6334-4723-B2B1-42F89A198947}.Debug|Any CPU.ActiveCfg = Debug|Any CPU
		{1568EEA9-6334-4723-B2B1-42F89A198947}.Debug|Any CPU.Build.0 = Debug|Any CPU
		{1568EEA9-6334-4723-B2B1-42F89A198947}.Release|Any CPU.ActiveCfg = Release|Any CPU
		{1568EEA9-6334-4723-B2B1-42F89A198947}.Release|Any CPU.Build.0 = Release|Any CPU
	EndGlobalSection
	GlobalSection(SolutionProperties) = preSolution
		HideSolutionNode = FALSE
	EndGlobalSection
EndGlobal
