
Microsoft Visual Studio Solution File, Format Version 12.00
# Visual Studio 15
VisualStudioVersion = 15.0.26124.0
MinimumVisualStudioVersion = 15.0.26124.0
Project("{FAE04EC0-301F-11D3-BF4B-00C04F79EFBC}") = "MerkleTools", "MerkleTools\MerkleTools.csproj", "{9317420E-8343-47FA-BD69-D947E0516D15}"
EndProject
Project("{FAE04EC0-301F-11D3-BF4B-00C04F79EFBC}") = "MerkleTools.Tests", "MerkleTools.Tests\MerkleTools.Tests.csproj", "{BD45E7D1-1863-4148-A612-0D2990C5F321}"
EndProject
Global
	GlobalSection(SolutionConfigurationPlatforms) = preSolution
		Debug|Any CPU = Debug|Any CPU
		Debug|x64 = Debug|x64
		Debug|x86 = Debug|x86
		Release|Any CPU = Release|Any CPU
		Release|x64 = Release|x64
		Release|x86 = Release|x86
	EndGlobalSection
	GlobalSection(SolutionProperties) = preSolution
		HideSolutionNode = FALSE
	EndGlobalSection
	GlobalSection(ProjectConfigurationPlatforms) = postSolution
		{9317420E-8343-47FA-BD69-D947E0516D15}.Debug|Any CPU.ActiveCfg = Debug|Any CPU
		{9317420E-8343-47FA-BD69-D947E0516D15}.Debug|Any CPU.Build.0 = Debug|Any CPU
		{9317420E-8343-47FA-BD69-D947E0516D15}.Debug|x64.ActiveCfg = Debug|Any CPU
		{9317420E-8343-47FA-BD69-D947E0516D15}.Debug|x64.Build.0 = Debug|Any CPU
		{9317420E-8343-47FA-BD69-D947E0516D15}.Debug|x86.ActiveCfg = Debug|Any CPU
		{9317420E-8343-47FA-BD69-D947E0516D15}.Debug|x86.Build.0 = Debug|Any CPU
		{9317420E-8343-47FA-BD69-D947E0516D15}.Release|Any CPU.ActiveCfg = Release|Any CPU
		{9317420E-8343-47FA-BD69-D947E0516D15}.Release|Any CPU.Build.0 = Release|Any CPU
		{9317420E-8343-47FA-BD69-D947E0516D15}.Release|x64.ActiveCfg = Release|Any CPU
		{9317420E-8343-47FA-BD69-D947E0516D15}.Release|x64.Build.0 = Release|Any CPU
		{9317420E-8343-47FA-BD69-D947E0516D15}.Release|x86.ActiveCfg = Release|Any CPU
		{9317420E-8343-47FA-BD69-D947E0516D15}.Release|x86.Build.0 = Release|Any CPU
		{BD45E7D1-1863-4148-A612-0D2990C5F321}.Debug|Any CPU.ActiveCfg = Debug|Any CPU
		{BD45E7D1-1863-4148-A612-0D2990C5F321}.Debug|Any CPU.Build.0 = Debug|Any CPU
		{BD45E7D1-1863-4148-A612-0D2990C5F321}.Debug|x64.ActiveCfg = Debug|Any CPU
		{BD45E7D1-1863-4148-A612-0D2990C5F321}.Debug|x64.Build.0 = Debug|Any CPU
		{BD45E7D1-1863-4148-A612-0D2990C5F321}.Debug|x86.ActiveCfg = Debug|Any CPU
		{BD45E7D1-1863-4148-A612-0D2990C5F321}.Debug|x86.Build.0 = Debug|Any CPU
		{BD45E7D1-1863-4148-A612-0D2990C5F321}.Release|Any CPU.ActiveCfg = Release|Any CPU
		{BD45E7D1-1863-4148-A612-0D2990C5F321}.Release|Any CPU.Build.0 = Release|Any CPU
		{BD45E7D1-1863-4148-A612-0D2990C5F321}.Release|x64.ActiveCfg = Release|Any CPU
		{BD45E7D1-1863-4148-A612-0D2990C5F321}.Release|x64.Build.0 = Release|Any CPU
		{BD45E7D1-1863-4148-A612-0D2990C5F321}.Release|x86.ActiveCfg = Release|Any CPU
		{BD45E7D1-1863-4148-A612-0D2990C5F321}.Release|x86.Build.0 = Release|Any CPU
	EndGlobalSection
EndGlobal
